
Microsoft Visual Studio Solution File, Format Version 12.00
# Visual Studio Version 16
VisualStudioVersion = 16.0.30413.136
MinimumVisualStudioVersion = 10.0.40219.1
Project("{8BC9CEB8-8B4A-11D0-8D11-00A0C91BC942}") = "KS_lab3_V1_server", "KS_lab3_V1_server\KS_lab3_V1_server.vcxproj", "{EBCFEA0E-643B-4024-9F16-96DF7DB5718C}"
EndProject
Project("{8BC9CEB8-8B4A-11D0-8D11-00A0C91BC942}") = "KS_lab3_V1_client", "KS_lab3_V1_client\KS_lab3_V1_client.vcxproj", "{89C3A0AC-7A4F-4026-8598-565449D30CE6}"
EndProject
Global
	GlobalSection(SolutionConfigurationPlatforms) = preSolution
		Debug|x64 = Debug|x64
		Debug|x86 = Debug|x86
		Release|x64 = Release|x64
		Release|x86 = Release|x86
	EndGlobalSection
	GlobalSection(ProjectConfigurationPlatforms) = postSolution
		{EBCFEA0E-643B-4024-9F16-96DF7DB5718C}.Debug|x64.ActiveCfg = Debug|x64
		{EBCFEA0E-643B-4024-9F16-96DF7DB5718C}.Debug|x64.Build.0 = Debug|x64
		{EBCFEA0E-643B-4024-9F16-96DF7DB5718C}.Debug|x86.ActiveCfg = Debug|Win32
		{EBCFEA0E-643B-4024-9F16-96DF7DB5718C}.Debug|x86.Build.0 = Debug|Win32
		{EBCFEA0E-643B-4024-9F16-96DF7DB5718C}.Release|x64.ActiveCfg = Release|x64
		{EBCFEA0E-643B-4024-9F16-96DF7DB5718C}.Release|x64.Build.0 = Release|x64
		{EBCFEA0E-643B-4024-9F16-96DF7DB5718C}.Release|x86.ActiveCfg = Release|Win32
		{EBCFEA0E-643B-4024-9F16-96DF7DB5718C}.Release|x86.Build.0 = Release|Win32
		{89C3A0AC-7A4F-4026-8598-565449D30CE6}.Debug|x64.ActiveCfg = Debug|x64
		{89C3A0AC-7A4F-4026-8598-565449D30CE6}.Debug|x64.Build.0 = Debug|x64
		{89C3A0AC-7A4F-4026-8598-565449D30CE6}.Debug|x86.ActiveCfg = Debug|Win32
		{89C3A0AC-7A4F-4026-8598-565449D30CE6}.Debug|x86.Build.0 = Debug|Win32
		{89C3A0AC-7A4F-4026-8598-565449D30CE6}.Release|x64.ActiveCfg = Release|x64
		{89C3A0AC-7A4F-4026-8598-565449D30CE6}.Release|x64.Build.0 = Release|x64
		{89C3A0AC-7A4F-4026-8598-565449D30CE6}.Release|x86.ActiveCfg = Release|Win32
		{89C3A0AC-7A4F-4026-8598-565449D30CE6}.Release|x86.Build.0 = Release|Win32
	EndGlobalSection
	GlobalSection(SolutionProperties) = preSolution
		HideSolutionNode = FALSE
	EndGlobalSection
	GlobalSection(ExtensibilityGlobals) = postSolution
		SolutionGuid = {BE5EBF9C-90EC-4E0F-8048-B4392AD4096C}
	EndGlobalSection
EndGlobal
