
Microsoft Visual Studio Solution File, Format Version 12.00
# Visual Studio Version 16
VisualStudioVersion = 16.0.31025.194
MinimumVisualStudioVersion = 10.0.40219.1
Project("{8BC9CEB8-8B4A-11D0-8D11-00A0C91BC942}") = "my_lab8_V11_Lysenko_Anton", "my_lab8_V11_Lysenko_Anton.vcxproj", "{64693C3A-8965-4A8D-8DD5-6DA15A6C5575}"
EndProject
Global
	GlobalSection(SolutionConfigurationPlatforms) = preSolution
		Debug|x64 = Debug|x64
		Debug|x86 = Debug|x86
		Release|x64 = Release|x64
		Release|x86 = Release|x86
	EndGlobalSection
	GlobalSection(ProjectConfigurationPlatforms) = postSolution
		{64693C3A-8965-4A8D-8DD5-6DA15A6C5575}.Debug|x64.ActiveCfg = Debug|x64
		{64693C3A-8965-4A8D-8DD5-6DA15A6C5575}.Debug|x64.Build.0 = Debug|x64
		{64693C3A-8965-4A8D-8DD5-6DA15A6C5575}.Debug|x86.ActiveCfg = Debug|Win32
		{64693C3A-8965-4A8D-8DD5-6DA15A6C5575}.Debug|x86.Build.0 = Debug|Win32
		{64693C3A-8965-4A8D-8DD5-6DA15A6C5575}.Release|x64.ActiveCfg = Release|x64
		{64693C3A-8965-4A8D-8DD5-6DA15A6C5575}.Release|x64.Build.0 = Release|x64
		{64693C3A-8965-4A8D-8DD5-6DA15A6C5575}.Release|x86.ActiveCfg = Release|Win32
		{64693C3A-8965-4A8D-8DD5-6DA15A6C5575}.Release|x86.Build.0 = Release|Win32
	EndGlobalSection
	GlobalSection(SolutionProperties) = preSolution
		HideSolutionNode = FALSE
	EndGlobalSection
	GlobalSection(ExtensibilityGlobals) = postSolution
		SolutionGuid = {6983A98E-88D5-4FF5-B9F7-A002A7CBB5BC}
	EndGlobalSection
EndGlobal
